
Microsoft Visual Studio Solution File, Format Version 12.00
# Visual Studio Version 17
VisualStudioVersion = 17.9.34728.123
MinimumVisualStudioVersion = 10.0.40219.1
Project("{FAE04EC0-301F-11D3-BF4B-00C04F79EFBC}") = "Lab2", "Lab2\Lab2.csproj", "{48F7727B-D49F-4E34-86E7-EA1CB42DDFC5}"
EndProject
Global
	GlobalSection(SolutionConfigurationPlatforms) = preSolution
		Debug|Any CPU = Debug|Any CPU
		Release|Any CPU = Release|Any CPU
	EndGlobalSection
	GlobalSection(ProjectConfigurationPlatforms) = postSolution
		{48F7727B-D49F-4E34-86E7-EA1CB42DDFC5}.Debug|Any CPU.ActiveCfg = Debug|Any CPU
		{48F7727B-D49F-4E34-86E7-EA1CB42DDFC5}.Debug|Any CPU.Build.0 = Debug|Any CPU
		{48F7727B-D49F-4E34-86E7-EA1CB42DDFC5}.Release|Any CPU.ActiveCfg = Release|Any CPU
		{48F7727B-D49F-4E34-86E7-EA1CB42DDFC5}.Release|Any CPU.Build.0 = Release|Any CPU
	EndGlobalSection
	GlobalSection(SolutionProperties) = preSolution
		HideSolutionNode = FALSE
	EndGlobalSection
	GlobalSection(ExtensibilityGlobals) = postSolution
		SolutionGuid = {B76224EA-A377-4FA5-B741-89011E29665E}
	EndGlobalSection
EndGlobal
